
Microsoft Visual Studio Solution File, Format Version 12.00
# Visual Studio 15
VisualStudioVersion = 15.0.26730.16
MinimumVisualStudioVersion = 10.0.40219.1
Project("{FAE04EC0-301F-11D3-BF4B-00C04F79EFBC}") = "WebApplication2", "WebApplication2\WebApplication2.csproj", "{3D10B05E-2AE3-4EE7-93D5-6D2FD419F7EE}"
EndProject
Global
	GlobalSection(SolutionConfigurationPlatforms) = preSolution
		Debug|Any CPU = Debug|Any CPU
		Release|Any CPU = Release|Any CPU
	EndGlobalSection
	GlobalSection(ProjectConfigurationPlatforms) = postSolution
		{3D10B05E-2AE3-4EE7-93D5-6D2FD419F7EE}.Debug|Any CPU.ActiveCfg = Debug|Any CPU
		{3D10B05E-2AE3-4EE7-93D5-6D2FD419F7EE}.Debug|Any CPU.Build.0 = Debug|Any CPU
		{3D10B05E-2AE3-4EE7-93D5-6D2FD419F7EE}.Release|Any CPU.ActiveCfg = Release|Any CPU
		{3D10B05E-2AE3-4EE7-93D5-6D2FD419F7EE}.Release|Any CPU.Build.0 = Release|Any CPU
	EndGlobalSection
	GlobalSection(SolutionProperties) = preSolution
		HideSolutionNode = FALSE
	EndGlobalSection
	GlobalSection(ExtensibilityGlobals) = postSolution
		SolutionGuid = {920B3724-5D0A-4DF5-A669-000D7E2CC940}
	EndGlobalSection
EndGlobal
